
Microsoft Visual Studio Solution File, Format Version 12.00
# Visual Studio 15
VisualStudioVersion = 15.0.27130.2003
MinimumVisualStudioVersion = 10.0.40219.1
Project("{FAE04EC0-301F-11D3-BF4B-00C04F79EFBC}") = "01. Root Node", "01. Root Node\01. Root Node.csproj", "{395FDBDE-F265-4572-842E-0059540D1D58}"
EndProject
Project("{FAE04EC0-301F-11D3-BF4B-00C04F79EFBC}") = "02. Print Tree", "02. Print Tree\02. Print Tree.csproj", "{41144F8F-5B05-4344-BDC0-8A53D1F28011}"
EndProject
Project("{FAE04EC0-301F-11D3-BF4B-00C04F79EFBC}") = "03. Leaf Nodes", "03. Leaf Nodes\03. Leaf Nodes.csproj", "{0786B55A-DC9F-4D0D-B328-2308F956F7E6}"
EndProject
Project("{FAE04EC0-301F-11D3-BF4B-00C04F79EFBC}") = "05. Deepest Node", "05. Deepest Node\05. Deepest Node.csproj", "{E644D67E-7BAF-452D-AF92-1510B31E779F}"
EndProject
Project("{FAE04EC0-301F-11D3-BF4B-00C04F79EFBC}") = "04. Middle Nodes", "04. Middle Nodes\04. Middle Nodes.csproj", "{7EE4CE26-80D6-4C00-8063-7FDCAE96C39D}"
EndProject
Project("{FAE04EC0-301F-11D3-BF4B-00C04F79EFBC}") = "DeepestNode_v2", "DeepestNode_v2\DeepestNode_v2.csproj", "{11ADB956-69E5-48FB-9C01-F12F0F0C1649}"
EndProject
Project("{FAE04EC0-301F-11D3-BF4B-00C04F79EFBC}") = "06. Longest Path", "06. Longest Path\06. Longest Path.csproj", "{FB0080B0-C767-4E30-B34B-5CFD0C0D1512}"
EndProject
Project("{FAE04EC0-301F-11D3-BF4B-00C04F79EFBC}") = "07. Paths With Given Sum", "07. Paths With Given Sum\07. Paths With Given Sum.csproj", "{F896D570-1AF4-4B94-94EF-456160DA5020}"
EndProject
Project("{FAE04EC0-301F-11D3-BF4B-00C04F79EFBC}") = "08. Subtrees With Given Sum", "08. Subtrees With Given Sum\08. Subtrees With Given Sum.csproj", "{367E1E9E-2F29-49A3-9EB8-E6C101502CC5}"
EndProject
Global
	GlobalSection(SolutionConfigurationPlatforms) = preSolution
		Debug|Any CPU = Debug|Any CPU
		Release|Any CPU = Release|Any CPU
	EndGlobalSection
	GlobalSection(ProjectConfigurationPlatforms) = postSolution
		{395FDBDE-F265-4572-842E-0059540D1D58}.Debug|Any CPU.ActiveCfg = Debug|Any CPU
		{395FDBDE-F265-4572-842E-0059540D1D58}.Debug|Any CPU.Build.0 = Debug|Any CPU
		{395FDBDE-F265-4572-842E-0059540D1D58}.Release|Any CPU.ActiveCfg = Release|Any CPU
		{395FDBDE-F265-4572-842E-0059540D1D58}.Release|Any CPU.Build.0 = Release|Any CPU
		{41144F8F-5B05-4344-BDC0-8A53D1F28011}.Debug|Any CPU.ActiveCfg = Debug|Any CPU
		{41144F8F-5B05-4344-BDC0-8A53D1F28011}.Debug|Any CPU.Build.0 = Debug|Any CPU
		{41144F8F-5B05-4344-BDC0-8A53D1F28011}.Release|Any CPU.ActiveCfg = Release|Any CPU
		{41144F8F-5B05-4344-BDC0-8A53D1F28011}.Release|Any CPU.Build.0 = Release|Any CPU
		{0786B55A-DC9F-4D0D-B328-2308F956F7E6}.Debug|Any CPU.ActiveCfg = Debug|Any CPU
		{0786B55A-DC9F-4D0D-B328-2308F956F7E6}.Debug|Any CPU.Build.0 = Debug|Any CPU
		{0786B55A-DC9F-4D0D-B328-2308F956F7E6}.Release|Any CPU.ActiveCfg = Release|Any CPU
		{0786B55A-DC9F-4D0D-B328-2308F956F7E6}.Release|Any CPU.Build.0 = Release|Any CPU
		{E644D67E-7BAF-452D-AF92-1510B31E779F}.Debug|Any CPU.ActiveCfg = Debug|Any CPU
		{E644D67E-7BAF-452D-AF92-1510B31E779F}.Debug|Any CPU.Build.0 = Debug|Any CPU
		{E644D67E-7BAF-452D-AF92-1510B31E779F}.Release|Any CPU.ActiveCfg = Release|Any CPU
		{E644D67E-7BAF-452D-AF92-1510B31E779F}.Release|Any CPU.Build.0 = Release|Any CPU
		{7EE4CE26-80D6-4C00-8063-7FDCAE96C39D}.Debug|Any CPU.ActiveCfg = Debug|Any CPU
		{7EE4CE26-80D6-4C00-8063-7FDCAE96C39D}.Debug|Any CPU.Build.0 = Debug|Any CPU
		{7EE4CE26-80D6-4C00-8063-7FDCAE96C39D}.Release|Any CPU.ActiveCfg = Release|Any CPU
		{7EE4CE26-80D6-4C00-8063-7FDCAE96C39D}.Release|Any CPU.Build.0 = Release|Any CPU
		{11ADB956-69E5-48FB-9C01-F12F0F0C1649}.Debug|Any CPU.ActiveCfg = Debug|Any CPU
		{11ADB956-69E5-48FB-9C01-F12F0F0C1649}.Debug|Any CPU.Build.0 = Debug|Any CPU
		{11ADB956-69E5-48FB-9C01-F12F0F0C1649}.Release|Any CPU.ActiveCfg = Release|Any CPU
		{11ADB956-69E5-48FB-9C01-F12F0F0C1649}.Release|Any CPU.Build.0 = Release|Any CPU
		{FB0080B0-C767-4E30-B34B-5CFD0C0D1512}.Debug|Any CPU.ActiveCfg = Debug|Any CPU
		{FB0080B0-C767-4E30-B34B-5CFD0C0D1512}.Debug|Any CPU.Build.0 = Debug|Any CPU
		{FB0080B0-C767-4E30-B34B-5CFD0C0D1512}.Release|Any CPU.ActiveCfg = Release|Any CPU
		{FB0080B0-C767-4E30-B34B-5CFD0C0D1512}.Release|Any CPU.Build.0 = Release|Any CPU
		{F896D570-1AF4-4B94-94EF-456160DA5020}.Debug|Any CPU.ActiveCfg = Debug|Any CPU
		{F896D570-1AF4-4B94-94EF-456160DA5020}.Debug|Any CPU.Build.0 = Debug|Any CPU
		{F896D570-1AF4-4B94-94EF-456160DA5020}.Release|Any CPU.ActiveCfg = Release|Any CPU
		{F896D570-1AF4-4B94-94EF-456160DA5020}.Release|Any CPU.Build.0 = Release|Any CPU
		{367E1E9E-2F29-49A3-9EB8-E6C101502CC5}.Debug|Any CPU.ActiveCfg = Debug|Any CPU
		{367E1E9E-2F29-49A3-9EB8-E6C101502CC5}.Debug|Any CPU.Build.0 = Debug|Any CPU
		{367E1E9E-2F29-49A3-9EB8-E6C101502CC5}.Release|Any CPU.ActiveCfg = Release|Any CPU
		{367E1E9E-2F29-49A3-9EB8-E6C101502CC5}.Release|Any CPU.Build.0 = Release|Any CPU
	EndGlobalSection
	GlobalSection(SolutionProperties) = preSolution
		HideSolutionNode = FALSE
	EndGlobalSection
	GlobalSection(ExtensibilityGlobals) = postSolution
		SolutionGuid = {5061792E-5012-4044-9923-B849219728EE}
	EndGlobalSection
EndGlobal
